// !$*UTF8*$!
{
	archiveVersion = 1;
	classes = {
	};
	objectVersion = 50;
	objects = {

/* Begin PBXBuildFile section */
		8A3ABB4D26BBFC9000DAAD8F /* DetailViewController.swift in Sources */ = {isa = PBXBuildFile; fileRef = 8A3ABB4C26BBFC9000DAAD8F /* DetailViewController.swift */; };
		8A3ABB5026BC468500DAAD8F /* EmptyViewCell.swift in Sources */ = {isa = PBXBuildFile; fileRef = 8A3ABB4E26BC468500DAAD8F /* EmptyViewCell.swift */; };
		8A3ABB5126BC468500DAAD8F /* EmptyViewCell.xib in Resources */ = {isa = PBXBuildFile; fileRef = 8A3ABB4F26BC468500DAAD8F /* EmptyViewCell.xib */; };
		8A436F4926BA617C00664429 /* AppDelegate.swift in Sources */ = {isa = PBXBuildFile; fileRef = 8A436F4826BA617C00664429 /* AppDelegate.swift */; };
		8A436F4B26BA617C00664429 /* SceneDelegate.swift in Sources */ = {isa = PBXBuildFile; fileRef = 8A436F4A26BA617C00664429 /* SceneDelegate.swift */; };
		8A436F4D26BA617C00664429 /* ViewController.swift in Sources */ = {isa = PBXBuildFile; fileRef = 8A436F4C26BA617C00664429 /* ViewController.swift */; };
		8A436F5026BA617C00664429 /* Main.storyboard in Resources */ = {isa = PBXBuildFile; fileRef = 8A436F4E26BA617C00664429 /* Main.storyboard */; };
		8A436F5226BA617E00664429 /* Assets.xcassets in Resources */ = {isa = PBXBuildFile; fileRef = 8A436F5126BA617E00664429 /* Assets.xcassets */; };
		8A436F5526BA617E00664429 /* LaunchScreen.storyboard in Resources */ = {isa = PBXBuildFile; fileRef = 8A436F5326BA617E00664429 /* LaunchScreen.storyboard */; };
		8A436F6026BA6C6200664429 /* FoodListModel.swift in Sources */ = {isa = PBXBuildFile; fileRef = 8A436F5F26BA6C6200664429 /* FoodListModel.swift */; };
		8A65546426BA9C2500F17688 /* FoodCell.swift in Sources */ = {isa = PBXBuildFile; fileRef = 8A65546226BA9C2500F17688 /* FoodCell.swift */; };
		8A65546526BA9C2500F17688 /* FoodCell.xib in Resources */ = {isa = PBXBuildFile; fileRef = 8A65546326BA9C2500F17688 /* FoodCell.xib */; };
		8A7F9D5A26BCFAA900BEF717 /* ANLoader.swift in Sources */ = {isa = PBXBuildFile; fileRef = 8A7F9D5926BCFAA900BEF717 /* ANLoader.swift */; };
/* End PBXBuildFile section */

/* Begin PBXFileReference section */
		8A3ABB4C26BBFC9000DAAD8F /* DetailViewController.swift */ = {isa = PBXFileReference; lastKnownFileType = sourcecode.swift; path = DetailViewController.swift; sourceTree = "<group>"; };
		8A3ABB4E26BC468500DAAD8F /* EmptyViewCell.swift */ = {isa = PBXFileReference; lastKnownFileType = sourcecode.swift; path = EmptyViewCell.swift; sourceTree = "<group>"; };
		8A3ABB4F26BC468500DAAD8F /* EmptyViewCell.xib */ = {isa = PBXFileReference; lastKnownFileType = file.xib; path = EmptyViewCell.xib; sourceTree = "<group>"; };
		8A436F4526BA617C00664429 /* ReadingRightTask.app */ = {isa = PBXFileReference; explicitFileType = wrapper.application; includeInIndex = 0; path = ReadingRightTask.app; sourceTree = BUILT_PRODUCTS_DIR; };
		8A436F4826BA617C00664429 /* AppDelegate.swift */ = {isa = PBXFileReference; lastKnownFileType = sourcecode.swift; path = AppDelegate.swift; sourceTree = "<group>"; };
		8A436F4A26BA617C00664429 /* SceneDelegate.swift */ = {isa = PBXFileReference; lastKnownFileType = sourcecode.swift; path = SceneDelegate.swift; sourceTree = "<group>"; };
		8A436F4C26BA617C00664429 /* ViewController.swift */ = {isa = PBXFileReference; lastKnownFileType = sourcecode.swift; path = ViewController.swift; sourceTree = "<group>"; };
		8A436F4F26BA617C00664429 /* Base */ = {isa = PBXFileReference; lastKnownFileType = file.storyboard; name = Base; path = Base.lproj/Main.storyboard; sourceTree = "<group>"; };
		8A436F5126BA617E00664429 /* Assets.xcassets */ = {isa = PBXFileReference; lastKnownFileType = folder.assetcatalog; path = Assets.xcassets; sourceTree = "<group>"; };
		8A436F5426BA617E00664429 /* Base */ = {isa = PBXFileReference; lastKnownFileType = file.storyboard; name = Base; path = Base.lproj/LaunchScreen.storyboard; sourceTree = "<group>"; };
		8A436F5626BA617E00664429 /* Info.plist */ = {isa = PBXFileReference; lastKnownFileType = text.plist.xml; path = Info.plist; sourceTree = "<group>"; };
		8A436F5F26BA6C6200664429 /* FoodListModel.swift */ = {isa = PBXFileReference; lastKnownFileType = sourcecode.swift; path = FoodListModel.swift; sourceTree = "<group>"; };
		8A65546226BA9C2500F17688 /* FoodCell.swift */ = {isa = PBXFileReference; lastKnownFileType = sourcecode.swift; path = FoodCell.swift; sourceTree = "<group>"; };
		8A65546326BA9C2500F17688 /* FoodCell.xib */ = {isa = PBXFileReference; lastKnownFileType = file.xib; path = FoodCell.xib; sourceTree = "<group>"; };
		8A7F9D5926BCFAA900BEF717 /* ANLoader.swift */ = {isa = PBXFileReference; fileEncoding = 4; lastKnownFileType = sourcecode.swift; path = ANLoader.swift; sourceTree = "<group>"; };
/* End PBXFileReference section */

/* Begin PBXFrameworksBuildPhase section */
		8A436F4226BA617C00664429 /* Frameworks */ = {
			isa = PBXFrameworksBuildPhase;
			buildActionMask = 2147483647;
			files = (
			);
			runOnlyForDeploymentPostprocessing = 0;
		};
/* End PBXFrameworksBuildPhase section */

/* Begin PBXGroup section */
		8A436F3C26BA617C00664429 = {
			isa = PBXGroup;
			children = (
				8A436F4726BA617C00664429 /* ReadingRightTask */,
				8A436F4626BA617C00664429 /* Products */,
			);
			sourceTree = "<group>";
		};
		8A436F4626BA617C00664429 /* Products */ = {
			isa = PBXGroup;
			children = (
				8A436F4526BA617C00664429 /* ReadingRightTask.app */,
			);
			name = Products;
			sourceTree = "<group>";
		};
		8A436F4726BA617C00664429 /* ReadingRightTask */ = {
			isa = PBXGroup;
			children = (
				8A436F4826BA617C00664429 /* AppDelegate.swift */,
				8A436F4A26BA617C00664429 /* SceneDelegate.swift */,
				8A7F9D5926BCFAA900BEF717 /* ANLoader.swift */,
				8A436F4C26BA617C00664429 /* ViewController.swift */,
				8A3ABB4C26BBFC9000DAAD8F /* DetailViewController.swift */,
				8A436F5F26BA6C6200664429 /* FoodListModel.swift */,
				8A65546226BA9C2500F17688 /* FoodCell.swift */,
				8A65546326BA9C2500F17688 /* FoodCell.xib */,
				8A3ABB4E26BC468500DAAD8F /* EmptyViewCell.swift */,
				8A3ABB4F26BC468500DAAD8F /* EmptyViewCell.xib */,
				8A436F4E26BA617C00664429 /* Main.storyboard */,
				8A436F5126BA617E00664429 /* Assets.xcassets */,
				8A436F5326BA617E00664429 /* LaunchScreen.storyboard */,
				8A436F5626BA617E00664429 /* Info.plist */,
			);
			path = ReadingRightTask;
			sourceTree = "<group>";
		};
/* End PBXGroup section */

/* Begin PBXNativeTarget section */
		8A436F4426BA617C00664429 /* ReadingRightTask */ = {
			isa = PBXNativeTarget;
			buildConfigurationList = 8A436F5926BA617E00664429 /* Build configuration list for PBXNativeTarget "ReadingRightTask" */;
			buildPhases = (
				8A436F4126BA617C00664429 /* Sources */,
				8A436F4226BA617C00664429 /* Frameworks */,
				8A436F4326BA617C00664429 /* Resources */,
			);
			buildRules = (
			);
			dependencies = (
			);
			name = ReadingRightTask;
			productName = ReadingRightTask;
			productReference = 8A436F4526BA617C00664429 /* ReadingRightTask.app */;
			productType = "com.apple.product-type.application";
		};
/* End PBXNativeTarget section */

/* Begin PBXProject section */
		8A436F3D26BA617C00664429 /* Project object */ = {
			isa = PBXProject;
			attributes = {
				LastSwiftUpdateCheck = 1250;
				LastUpgradeCheck = 1250;
				TargetAttributes = {
					8A436F4426BA617C00664429 = {
						CreatedOnToolsVersion = 12.5.1;
					};
				};
			};
			buildConfigurationList = 8A436F4026BA617C00664429 /* Build configuration list for PBXProject "ReadingRightTask" */;
			compatibilityVersion = "Xcode 9.3";
			developmentRegion = en;
			hasScannedForEncodings = 0;
			knownRegions = (
				en,
				Base,
			);
			mainGroup = 8A436F3C26BA617C00664429;
			productRefGroup = 8A436F4626BA617C00664429 /* Products */;
			projectDirPath = "";
			projectRoot = "";
			targets = (
				8A436F4426BA617C00664429 /* ReadingRightTask */,
			);
		};
/* End PBXProject section */

/* Begin PBXResourcesBuildPhase section */
		8A436F4326BA617C00664429 /* Resources */ = {
			isa = PBXResourcesBuildPhase;
			buildActionMask = 2147483647;
			files = (
				8A436F5526BA617E00664429 /* LaunchScreen.storyboard in Resources */,
				8A65546526BA9C2500F17688 /* FoodCell.xib in Resources */,
				8A436F5226BA617E00664429 /* Assets.xcassets in Resources */,
				8A436F5026BA617C00664429 /* Main.storyboard in Resources */,
				8A3ABB5126BC468500DAAD8F /* EmptyViewCell.xib in Resources */,
			);
			runOnlyForDeploymentPostprocessing = 0;
		};
/* End PBXResourcesBuildPhase section */

/* Begin PBXSourcesBuildPhase section */
		8A436F4126BA617C00664429 /* Sources */ = {
			isa = PBXSourcesBuildPhase;
			buildActionMask = 2147483647;
			files = (
				8A3ABB5026BC468500DAAD8F /* EmptyViewCell.swift in Sources */,
				8A436F4D26BA617C00664429 /* ViewController.swift in Sources */,
				8A436F4926BA617C00664429 /* AppDelegate.swift in Sources */,
				8A65546426BA9C2500F17688 /* FoodCell.swift in Sources */,
				8A3ABB4D26BBFC9000DAAD8F /* DetailViewController.swift in Sources */,
				8A7F9D5A26BCFAA900BEF717 /* ANLoader.swift in Sources */,
				8A436F4B26BA617C00664429 /* SceneDelegate.swift in Sources */,
				8A436F6026BA6C6200664429 /* FoodListModel.swift in Sources */,
			);
			runOnlyForDeploymentPostprocessing = 0;
		};
/* End PBXSourcesBuildPhase section */

/* Begin PBXVariantGroup section */
		8A436F4E26BA617C00664429 /* Main.storyboard */ = {
			isa = PBXVariantGroup;
			children = (
				8A436F4F26BA617C00664429 /* Base */,
			);
			name = Main.storyboard;
			sourceTree = "<group>";
		};
		8A436F5326BA617E00664429 /* LaunchScreen.storyboard */ = {
			isa = PBXVariantGroup;
			children = (
				8A436F5426BA617E00664429 /* Base */,
			);
			name = LaunchScreen.storyboard;
			sourceTree = "<group>";
		};
/* End PBXVariantGroup section */

/* Begin XCBuildConfiguration section */
		8A436F5726BA617E00664429 /* Debug */ = {
			isa = XCBuildConfiguration;
			buildSettings = {
				ALWAYS_SEARCH_USER_PATHS = NO;
				CLANG_ANALYZER_NONNULL = YES;
				CLANG_ANALYZER_NUMBER_OBJECT_CONVERSION = YES_AGGRESSIVE;
				CLANG_CXX_LANGUAGE_STANDARD = "gnu++14";
				CLANG_CXX_LIBRARY = "libc++";
				CLANG_ENABLE_MODULES = YES;
				CLANG_ENABLE_OBJC_ARC = YES;
				CLANG_ENABLE_OBJC_WEAK = YES;
				CLANG_WARN_BLOCK_CAPTURE_AUTORELEASING = YES;
				CLANG_WARN_BOOL_CONVERSION = YES;
				CLANG_WARN_COMMA = YES;
				CLANG_WARN_CONSTANT_CONVERSION = YES;
				CLANG_WARN_DEPRECATED_OBJC_IMPLEMENTATIONS = YES;
				CLANG_WARN_DIRECT_OBJC_ISA_USAGE = YES_ERROR;
				CLANG_WARN_DOCUMENTATION_COMMENTS = YES;
				CLANG_WARN_EMPTY_BODY = YES;
				CLANG_WARN_ENUM_CONVERSION = YES;
				CLANG_WARN_INFINITE_RECURSION = YES;
				CLANG_WARN_INT_CONVERSION = YES;
				CLANG_WARN_NON_LITERAL_NULL_CONVERSION = YES;
				CLANG_WARN_OBJC_IMPLICIT_RETAIN_SELF = YES;
				CLANG_WARN_OBJC_LITERAL_CONVERSION = YES;
				CLANG_WARN_OBJC_ROOT_CLASS = YES_ERROR;
				CLANG_WARN_QUOTED_INCLUDE_IN_FRAMEWORK_HEADER = YES;
				CLANG_WARN_RANGE_LOOP_ANALYSIS = YES;
				CLANG_WARN_STRICT_PROTOTYPES = YES;
				CLANG_WARN_SUSPICIOUS_MOVE = YES;
				CLANG_WARN_UNGUARDED_AVAILABILITY = YES_AGGRESSIVE;
				CLANG_WARN_UNREACHABLE_CODE = YES;
				CLANG_WARN__DUPLICATE_METHOD_MATCH = YES;
				COPY_PHASE_STRIP = NO;
				DEBUG_INFORMATION_FORMAT = dwarf;
				ENABLE_STRICT_OBJC_MSGSEND = YES;
				ENABLE_TESTABILITY = YES;
				GCC_C_LANGUAGE_STANDARD = gnu11;
				GCC_DYNAMIC_NO_PIC = NO;
				GCC_NO_COMMON_BLOCKS = YES;
				GCC_OPTIMIZATION_LEVEL = 0;
				GCC_PREPROCESSOR_DEFINITIONS = (
					"DEBUG=1",
					"$(inherited)",
				);
				GCC_WARN_64_TO_32_BIT_CONVERSION = YES;
				GCC_WARN_ABOUT_RETURN_TYPE = YES_ERROR;
				GCC_WARN_UNDECLARED_SELECTOR = YES;
				GCC_WARN_UNINITIALIZED_AUTOS = YES_AGGRESSIVE;
				GCC_WARN_UNUSED_FUNCTION = YES;
				GCC_WARN_UNUSED_VARIABLE = YES;
				IPHONEOS_DEPLOYMENT_TARGET = 14.5;
				MTL_ENABLE_DEBUG_INFO = INCLUDE_SOURCE;
				MTL_FAST_MATH = YES;
				ONLY_ACTIVE_ARCH = YES;
				SDKROOT = iphoneos;
				SWIFT_ACTIVE_COMPILATION_CONDITIONS = DEBUG;
				SWIFT_OPTIMIZATION_LEVEL = "-Onone";
			};
			name = Debug;
		};
		8A436F5826BA617E00664429 /* Release */ = {
			isa = XCBuildConfiguration;
			buildSettings = {
				ALWAYS_SEARCH_USER_PATHS = NO;
				CLANG_ANALYZER_NONNULL = YES;
				CLANG_ANALYZER_NUMBER_OBJECT_CONVERSION = YES_AGGRESSIVE;
				CLANG_CXX_LANGUAGE_STANDARD = "gnu++14";
				CLANG_CXX_LIBRARY = "libc++";
				CLANG_ENABLE_MODULES = YES;
				CLANG_ENABLE_OBJC_ARC = YES;
				CLANG_ENABLE_OBJC_WEAK = YES;
				CLANG_WARN_BLOCK_CAPTURE_AUTORELEASING = YES;
				CLANG_WARN_BOOL_CONVERSION = YES;
				CLANG_WARN_COMMA = YES;
				CLANG_WARN_CONSTANT_CONVERSION = YES;
				CLANG_WARN_DEPRECATED_OBJC_IMPLEMENTATIONS = YES;
				CLANG_WARN_DIRECT_OBJC_ISA_USAGE = YES_ERROR;
				CLANG_WARN_DOCUMENTATION_COMMENTS = YES;
				CLANG_WARN_EMPTY_BODY = YES;
				CLANG_WARN_ENUM_CONVERSION = YES;
				CLANG_WARN_INFINITE_RECURSION = YES;
				CLANG_WARN_INT_CONVERSION = YES;
				CLANG_WARN_NON_LITERAL_NULL_CONVERSION = YES;
				CLANG_WARN_OBJC_IMPLICIT_RETAIN_SELF = YES;
				CLANG_WARN_OBJC_LITERAL_CONVERSION = YES;
				CLANG_WARN_OBJC_ROOT_CLASS = YES_ERROR;
				CLANG_WARN_QUOTED_INCLUDE_IN_FRAMEWORK_HEADER = YES;
				CLANG_WARN_RANGE_LOOP_ANALYSIS = YES;
				CLANG_WARN_STRICT_PROTOTYPES = YES;
				CLANG_WARN_SUSPICIOUS_MOVE = YES;
				CLANG_WARN_UNGUARDED_AVAILABILITY = YES_AGGRESSIVE;
				CLANG_WARN_UNREACHABLE_CODE = YES;
				CLANG_WARN__DUPLICATE_METHOD_MATCH = YES;
				COPY_PHASE_STRIP = NO;
				DEBUG_INFORMATION_FORMAT = "dwarf-with-dsym";
				ENABLE_NS_ASSERTIONS = NO;
				ENABLE_STRICT_OBJC_MSGSEND = YES;
				GCC_C_LANGUAGE_STANDARD = gnu11;
				GCC_NO_COMMON_BLOCKS = YES;
				GCC_WARN_64_TO_32_BIT_CONVERSION = YES;
				GCC_WARN_ABOUT_RETURN_TYPE = YES_ERROR;
				GCC_WARN_UNDECLARED_SELECTOR = YES;
				GCC_WARN_UNINITIALIZED_AUTOS = YES_AGGRESSIVE;
				GCC_WARN_UNUSED_FUNCTION = YES;
				GCC_WARN_UNUSED_VARIABLE = YES;
				IPHONEOS_DEPLOYMENT_TARGET = 14.5;
				MTL_ENABLE_DEBUG_INFO = NO;
				MTL_FAST_MATH = YES;
				SDKROOT = iphoneos;
				SWIFT_COMPILATION_MODE = wholemodule;
				SWIFT_OPTIMIZATION_LEVEL = "-O";
				VALIDATE_PRODUCT = YES;
			};
			name = Release;
		};
		8A436F5A26BA617E00664429 /* Debug */ = {
			isa = XCBuildConfiguration;
			buildSettings = {
				ASSETCATALOG_COMPILER_APPICON_NAME = AppIcon;
				ASSETCATALOG_COMPILER_GLOBAL_ACCENT_COLOR_NAME = AccentColor;
				CODE_SIGN_STYLE = Automatic;
				INFOPLIST_FILE = ReadingRightTask/Info.plist;
				LD_RUNPATH_SEARCH_PATHS = (
					"$(inherited)",
					"@executable_path/Frameworks",
				);
				PRODUCT_BUNDLE_IDENTIFIER = com.readingRight.ReadingRightTask;
				PRODUCT_NAME = "$(TARGET_NAME)";
				SWIFT_VERSION = 5.0;
				TARGETED_DEVICE_FAMILY = "1,2";
			};
			name = Debug;
		};
		8A436F5B26BA617E00664429 /* Release */ = {
			isa = XCBuildConfiguration;
			buildSettings = {
				ASSETCATALOG_COMPILER_APPICON_NAME = AppIcon;
				ASSETCATALOG_COMPILER_GLOBAL_ACCENT_COLOR_NAME = AccentColor;
				CODE_SIGN_STYLE = Automatic;
				INFOPLIST_FILE = ReadingRightTask/Info.plist;
				LD_RUNPATH_SEARCH_PATHS = (
					"$(inherited)",
					"@executable_path/Frameworks",
				);
				PRODUCT_BUNDLE_IDENTIFIER = com.readingRight.ReadingRightTask;
				PRODUCT_NAME = "$(TARGET_NAME)";
				SWIFT_VERSION = 5.0;
				TARGETED_DEVICE_FAMILY = "1,2";
			};
			name = Release;
		};
/* End XCBuildConfiguration section */

/* Begin XCConfigurationList section */
		8A436F4026BA617C00664429 /* Build configuration list for PBXProject "ReadingRightTask" */ = {
			isa = XCConfigurationList;
			buildConfigurations = (
				8A436F5726BA617E00664429 /* Debug */,
				8A436F5826BA617E00664429 /* Release */,
			);
			defaultConfigurationIsVisible = 0;
			defaultConfigurationName = Release;
		};
		8A436F5926BA617E00664429 /* Build configuration list for PBXNativeTarget "ReadingRightTask" */ = {
			isa = XCConfigurationList;
			buildConfigurations = (
				8A436F5A26BA617E00664429 /* Debug */,
				8A436F5B26BA617E00664429 /* Release */,
			);
			defaultConfigurationIsVisible = 0;
			defaultConfigurationName = Release;
		};
/* End XCConfigurationList section */
	};
	rootObject = 8A436F3D26BA617C00664429 /* Project object */;
}
